
Microsoft Visual Studio Solution File, Format Version 12.00
# Visual Studio Version 17
VisualStudioVersion = 17.7.34202.233
MinimumVisualStudioVersion = 10.0.40219.1
Project("{FAE04EC0-301F-11D3-BF4B-00C04F79EFBC}") = "codepulse.API", "codepulse.API\codepulse.API.csproj", "{57F35809-C22F-435D-B297-1DA81465C92C}"
EndProject
Global
	GlobalSection(SolutionConfigurationPlatforms) = preSolution
		Debug|Any CPU = Debug|Any CPU
		Release|Any CPU = Release|Any CPU
	EndGlobalSection
	GlobalSection(ProjectConfigurationPlatforms) = postSolution
		{57F35809-C22F-435D-B297-1DA81465C92C}.Debug|Any CPU.ActiveCfg = Debug|Any CPU
		{57F35809-C22F-435D-B297-1DA81465C92C}.Debug|Any CPU.Build.0 = Debug|Any CPU
		{57F35809-C22F-435D-B297-1DA81465C92C}.Release|Any CPU.ActiveCfg = Release|Any CPU
		{57F35809-C22F-435D-B297-1DA81465C92C}.Release|Any CPU.Build.0 = Release|Any CPU
	EndGlobalSection
	GlobalSection(SolutionProperties) = preSolution
		HideSolutionNode = FALSE
	EndGlobalSection
	GlobalSection(ExtensibilityGlobals) = postSolution
		SolutionGuid = {C665F664-730E-4717-84DF-05CEB39AC72C}
	EndGlobalSection
EndGlobal
